
Microsoft Visual Studio Solution File, Format Version 12.00
# Visual Studio Version 17
VisualStudioVersion = 17.7.34202.233
MinimumVisualStudioVersion = 10.0.40219.1
Project("{FAE04EC0-301F-11D3-BF4B-00C04F79EFBC}") = "L2HS", "L2HS\L2HS.csproj", "{4C31CC14-8504-41E4-997B-C8565A85F0D0}"
EndProject
Project("{FAE04EC0-301F-11D3-BF4B-00C04F79EFBC}") = "ThreadHandler", "ThreadHandler\ThreadHandler.csproj", "{F7C8F5DB-A723-4E75-970B-908F330D8694}"
EndProject
Project("{FAE04EC0-301F-11D3-BF4B-00C04F79EFBC}") = "FieldManager", "FieldManager\FieldManager.csproj", "{1E7B3EA0-D185-4549-B5F0-CDC94643170B}"
EndProject
Project("{FAE04EC0-301F-11D3-BF4B-00C04F79EFBC}") = "RuleSet", "RuleSet\RuleSet.csproj", "{B49C8368-5B74-42D8-90CC-0572B62A5928}"
EndProject
Project("{FAE04EC0-301F-11D3-BF4B-00C04F79EFBC}") = "IncapsulatedObjects", "IncapsulatedObjects\IncapsulatedObjects.csproj", "{B12670FE-8A28-46F0-BC56-FDCA80F7D00E}"
EndProject
Global
	GlobalSection(SolutionConfigurationPlatforms) = preSolution
		Debug|Any CPU = Debug|Any CPU
		Release|Any CPU = Release|Any CPU
	EndGlobalSection
	GlobalSection(ProjectConfigurationPlatforms) = postSolution
		{4C31CC14-8504-41E4-997B-C8565A85F0D0}.Debug|Any CPU.ActiveCfg = Debug|Any CPU
		{4C31CC14-8504-41E4-997B-C8565A85F0D0}.Debug|Any CPU.Build.0 = Debug|Any CPU
		{4C31CC14-8504-41E4-997B-C8565A85F0D0}.Release|Any CPU.ActiveCfg = Release|Any CPU
		{4C31CC14-8504-41E4-997B-C8565A85F0D0}.Release|Any CPU.Build.0 = Release|Any CPU
		{F7C8F5DB-A723-4E75-970B-908F330D8694}.Debug|Any CPU.ActiveCfg = Debug|Any CPU
		{F7C8F5DB-A723-4E75-970B-908F330D8694}.Debug|Any CPU.Build.0 = Debug|Any CPU
		{F7C8F5DB-A723-4E75-970B-908F330D8694}.Release|Any CPU.ActiveCfg = Release|Any CPU
		{F7C8F5DB-A723-4E75-970B-908F330D8694}.Release|Any CPU.Build.0 = Release|Any CPU
		{1E7B3EA0-D185-4549-B5F0-CDC94643170B}.Debug|Any CPU.ActiveCfg = Debug|Any CPU
		{1E7B3EA0-D185-4549-B5F0-CDC94643170B}.Debug|Any CPU.Build.0 = Debug|Any CPU
		{1E7B3EA0-D185-4549-B5F0-CDC94643170B}.Release|Any CPU.ActiveCfg = Release|Any CPU
		{1E7B3EA0-D185-4549-B5F0-CDC94643170B}.Release|Any CPU.Build.0 = Release|Any CPU
		{B49C8368-5B74-42D8-90CC-0572B62A5928}.Debug|Any CPU.ActiveCfg = Debug|Any CPU
		{B49C8368-5B74-42D8-90CC-0572B62A5928}.Debug|Any CPU.Build.0 = Debug|Any CPU
		{B49C8368-5B74-42D8-90CC-0572B62A5928}.Release|Any CPU.ActiveCfg = Release|Any CPU
		{B49C8368-5B74-42D8-90CC-0572B62A5928}.Release|Any CPU.Build.0 = Release|Any CPU
		{B12670FE-8A28-46F0-BC56-FDCA80F7D00E}.Debug|Any CPU.ActiveCfg = Debug|Any CPU
		{B12670FE-8A28-46F0-BC56-FDCA80F7D00E}.Debug|Any CPU.Build.0 = Debug|Any CPU
		{B12670FE-8A28-46F0-BC56-FDCA80F7D00E}.Release|Any CPU.ActiveCfg = Release|Any CPU
		{B12670FE-8A28-46F0-BC56-FDCA80F7D00E}.Release|Any CPU.Build.0 = Release|Any CPU
	EndGlobalSection
	GlobalSection(SolutionProperties) = preSolution
		HideSolutionNode = FALSE
	EndGlobalSection
	GlobalSection(ExtensibilityGlobals) = postSolution
		SolutionGuid = {163533E8-AC4A-42BE-A72B-0F40B79362D1}
	EndGlobalSection
EndGlobal
